// !$*UTF8*$!
{
	archiveVersion = 1;
	classes = {
	};
	objectVersion = 48;
	objects = {

/* Begin PBXBuildFile section */
		5703C4A31FA2276700A486CB /* CSVExportOperation.swift in Sources */ = {isa = PBXBuildFile; fileRef = 5703C4A11FA2276700A486CB /* CSVExportOperation.swift */; };
		5703C4A41FA2276700A486CB /* CSVExport.swift in Sources */ = {isa = PBXBuildFile; fileRef = 5703C4A21FA2276700A486CB /* CSVExport.swift */; };
		571A6BEC1FA0CD5D00AD25F8 /* DINOT-CondMedium_0.otf in Resources */ = {isa = PBXBuildFile; fileRef = 571A6BEA1FA0CD5C00AD25F8 /* DINOT-CondMedium_0.otf */; };
		571A6BED1FA0CD5D00AD25F8 /* DINPro-CondBold_0.otf in Resources */ = {isa = PBXBuildFile; fileRef = 571A6BEB1FA0CD5C00AD25F8 /* DINPro-CondBold_0.otf */; };
		571B92801FA18AE700C5A383 /* Database.swift in Sources */ = {isa = PBXBuildFile; fileRef = 571B927F1FA18AE700C5A383 /* Database.swift */; };
		576C2D591FA194370015FC32 /* StoresViewController.swift in Sources */ = {isa = PBXBuildFile; fileRef = 576C2D581FA194370015FC32 /* StoresViewController.swift */; };
		576C2D5B1FA19BA80015FC32 /* RecordsViewController.swift in Sources */ = {isa = PBXBuildFile; fileRef = 576C2D5A1FA19BA80015FC32 /* RecordsViewController.swift */; };
		577A57E01FA00D4200BBC1B9 /* AppDelegate.swift in Sources */ = {isa = PBXBuildFile; fileRef = 577A57DF1FA00D4200BBC1B9 /* AppDelegate.swift */; };
		577A57E21FA00D4200BBC1B9 /* RegisterViewController.swift in Sources */ = {isa = PBXBuildFile; fileRef = 577A57E11FA00D4200BBC1B9 /* RegisterViewController.swift */; };
		577A57E51FA00D4200BBC1B9 /* Main.storyboard in Resources */ = {isa = PBXBuildFile; fileRef = 577A57E31FA00D4200BBC1B9 /* Main.storyboard */; };
		577A57E71FA00D4200BBC1B9 /* Assets.xcassets in Resources */ = {isa = PBXBuildFile; fileRef = 577A57E61FA00D4200BBC1B9 /* Assets.xcassets */; };
		577A57EA1FA00D4200BBC1B9 /* LaunchScreen.storyboard in Resources */ = {isa = PBXBuildFile; fileRef = 577A57E81FA00D4200BBC1B9 /* LaunchScreen.storyboard */; };
		577A57F21FA01FE800BBC1B9 /* GameViewController.swift in Sources */ = {isa = PBXBuildFile; fileRef = 577A57F11FA01FE800BBC1B9 /* GameViewController.swift */; };
		577A57F41FA0216400BBC1B9 /* CardCollectionViewCell.swift in Sources */ = {isa = PBXBuildFile; fileRef = 577A57F31FA0216400BBC1B9 /* CardCollectionViewCell.swift */; };
		577A57F61FA021FA00BBC1B9 /* Card.swift in Sources */ = {isa = PBXBuildFile; fileRef = 577A57F51FA021FA00BBC1B9 /* Card.swift */; };
		577A57F81FA0220B00BBC1B9 /* Game.swift in Sources */ = {isa = PBXBuildFile; fileRef = 577A57F71FA0220B00BBC1B9 /* Game.swift */; };
		577A57FA1FA02E2600BBC1B9 /* Layout.swift in Sources */ = {isa = PBXBuildFile; fileRef = 577A57F91FA02E2600BBC1B9 /* Layout.swift */; };
		577A57FC1FA04AC300BBC1B9 /* PrizeViewController.swift in Sources */ = {isa = PBXBuildFile; fileRef = 577A57FB1FA04AC300BBC1B9 /* PrizeViewController.swift */; };
		577A58021FA04C3100BBC1B9 /* InstructionsViewController.swift in Sources */ = {isa = PBXBuildFile; fileRef = 577A58011FA04C3100BBC1B9 /* InstructionsViewController.swift */; };
		EF7B8F04782CDA6FD4E2A9F9 /* Pods_Memorama.framework in Frameworks */ = {isa = PBXBuildFile; fileRef = F72CF18C8CBBA0AE84F193CD /* Pods_Memorama.framework */; };
/* End PBXBuildFile section */

/* Begin PBXFileReference section */
		547BF275C08700E3E4484E60 /* Pods-Memorama.release.xcconfig */ = {isa = PBXFileReference; includeInIndex = 1; lastKnownFileType = text.xcconfig; name = "Pods-Memorama.release.xcconfig"; path = "Pods/Target Support Files/Pods-Memorama/Pods-Memorama.release.xcconfig"; sourceTree = "<group>"; };
		5703C4A11FA2276700A486CB /* CSVExportOperation.swift */ = {isa = PBXFileReference; fileEncoding = 4; lastKnownFileType = sourcecode.swift; path = CSVExportOperation.swift; sourceTree = "<group>"; };
		5703C4A21FA2276700A486CB /* CSVExport.swift */ = {isa = PBXFileReference; fileEncoding = 4; lastKnownFileType = sourcecode.swift; path = CSVExport.swift; sourceTree = "<group>"; };
		571A6BEA1FA0CD5C00AD25F8 /* DINOT-CondMedium_0.otf */ = {isa = PBXFileReference; lastKnownFileType = file; path = "DINOT-CondMedium_0.otf"; sourceTree = "<group>"; };
		571A6BEB1FA0CD5C00AD25F8 /* DINPro-CondBold_0.otf */ = {isa = PBXFileReference; lastKnownFileType = file; path = "DINPro-CondBold_0.otf"; sourceTree = "<group>"; };
		571B927F1FA18AE700C5A383 /* Database.swift */ = {isa = PBXFileReference; lastKnownFileType = sourcecode.swift; path = Database.swift; sourceTree = "<group>"; };
		576C2D581FA194370015FC32 /* StoresViewController.swift */ = {isa = PBXFileReference; lastKnownFileType = sourcecode.swift; path = StoresViewController.swift; sourceTree = "<group>"; };
		576C2D5A1FA19BA80015FC32 /* RecordsViewController.swift */ = {isa = PBXFileReference; lastKnownFileType = sourcecode.swift; path = RecordsViewController.swift; sourceTree = "<group>"; };
		577A57DC1FA00D4200BBC1B9 /* Memorama.app */ = {isa = PBXFileReference; explicitFileType = wrapper.application; includeInIndex = 0; path = Memorama.app; sourceTree = BUILT_PRODUCTS_DIR; };
		577A57DF1FA00D4200BBC1B9 /* AppDelegate.swift */ = {isa = PBXFileReference; lastKnownFileType = sourcecode.swift; path = AppDelegate.swift; sourceTree = "<group>"; };
		577A57E11FA00D4200BBC1B9 /* RegisterViewController.swift */ = {isa = PBXFileReference; lastKnownFileType = sourcecode.swift; path = RegisterViewController.swift; sourceTree = "<group>"; };
		577A57E41FA00D4200BBC1B9 /* Base */ = {isa = PBXFileReference; lastKnownFileType = file.storyboard; name = Base; path = Base.lproj/Main.storyboard; sourceTree = "<group>"; };
		577A57E61FA00D4200BBC1B9 /* Assets.xcassets */ = {isa = PBXFileReference; lastKnownFileType = folder.assetcatalog; path = Assets.xcassets; sourceTree = "<group>"; };
		577A57E91FA00D4200BBC1B9 /* Base */ = {isa = PBXFileReference; lastKnownFileType = file.storyboard; name = Base; path = Base.lproj/LaunchScreen.storyboard; sourceTree = "<group>"; };
		577A57EB1FA00D4200BBC1B9 /* Info.plist */ = {isa = PBXFileReference; lastKnownFileType = text.plist.xml; path = Info.plist; sourceTree = "<group>"; };
		577A57F11FA01FE800BBC1B9 /* GameViewController.swift */ = {isa = PBXFileReference; lastKnownFileType = sourcecode.swift; path = GameViewController.swift; sourceTree = "<group>"; };
		577A57F31FA0216400BBC1B9 /* CardCollectionViewCell.swift */ = {isa = PBXFileReference; lastKnownFileType = sourcecode.swift; path = CardCollectionViewCell.swift; sourceTree = "<group>"; };
		577A57F51FA021FA00BBC1B9 /* Card.swift */ = {isa = PBXFileReference; lastKnownFileType = sourcecode.swift; path = Card.swift; sourceTree = "<group>"; };
		577A57F71FA0220B00BBC1B9 /* Game.swift */ = {isa = PBXFileReference; lastKnownFileType = sourcecode.swift; path = Game.swift; sourceTree = "<group>"; };
		577A57F91FA02E2600BBC1B9 /* Layout.swift */ = {isa = PBXFileReference; lastKnownFileType = sourcecode.swift; path = Layout.swift; sourceTree = "<group>"; };
		577A57FB1FA04AC300BBC1B9 /* PrizeViewController.swift */ = {isa = PBXFileReference; lastKnownFileType = sourcecode.swift; path = PrizeViewController.swift; sourceTree = "<group>"; };
		577A58011FA04C3100BBC1B9 /* InstructionsViewController.swift */ = {isa = PBXFileReference; lastKnownFileType = sourcecode.swift; path = InstructionsViewController.swift; sourceTree = "<group>"; };
		755472B1D29675F90559FA79 /* Pods-Memorama.debug.xcconfig */ = {isa = PBXFileReference; includeInIndex = 1; lastKnownFileType = text.xcconfig; name = "Pods-Memorama.debug.xcconfig"; path = "Pods/Target Support Files/Pods-Memorama/Pods-Memorama.debug.xcconfig"; sourceTree = "<group>"; };
		F72CF18C8CBBA0AE84F193CD /* Pods_Memorama.framework */ = {isa = PBXFileReference; explicitFileType = wrapper.framework; includeInIndex = 0; path = Pods_Memorama.framework; sourceTree = BUILT_PRODUCTS_DIR; };
/* End PBXFileReference section */

/* Begin PBXFrameworksBuildPhase section */
		577A57D91FA00D4200BBC1B9 /* Frameworks */ = {
			isa = PBXFrameworksBuildPhase;
			buildActionMask = 2147483647;
			files = (
				EF7B8F04782CDA6FD4E2A9F9 /* Pods_Memorama.framework in Frameworks */,
			);
			runOnlyForDeploymentPostprocessing = 0;
		};
/* End PBXFrameworksBuildPhase section */

/* Begin PBXGroup section */
		19BF286BFA4757FBFC576832 /* Pods */ = {
			isa = PBXGroup;
			children = (
				755472B1D29675F90559FA79 /* Pods-Memorama.debug.xcconfig */,
				547BF275C08700E3E4484E60 /* Pods-Memorama.release.xcconfig */,
			);
			name = Pods;
			sourceTree = "<group>";
		};
		5703C49F1FA2276700A486CB /* Vendor */ = {
			isa = PBXGroup;
			children = (
				5703C4A01FA2276700A486CB /* CSVExport */,
			);
			path = Vendor;
			sourceTree = "<group>";
		};
		5703C4A01FA2276700A486CB /* CSVExport */ = {
			isa = PBXGroup;
			children = (
				5703C4A11FA2276700A486CB /* CSVExportOperation.swift */,
				5703C4A21FA2276700A486CB /* CSVExport.swift */,
			);
			path = CSVExport;
			sourceTree = "<group>";
		};
		571A6BE81FA0CD5C00AD25F8 /* Resources */ = {
			isa = PBXGroup;
			children = (
				571A6BE91FA0CD5C00AD25F8 /* Fonts */,
			);
			path = Resources;
			sourceTree = "<group>";
		};
		571A6BE91FA0CD5C00AD25F8 /* Fonts */ = {
			isa = PBXGroup;
			children = (
				571A6BEA1FA0CD5C00AD25F8 /* DINOT-CondMedium_0.otf */,
				571A6BEB1FA0CD5C00AD25F8 /* DINPro-CondBold_0.otf */,
			);
			path = Fonts;
			sourceTree = "<group>";
		};
		577A57D31FA00D4200BBC1B9 = {
			isa = PBXGroup;
			children = (
				577A57DE1FA00D4200BBC1B9 /* Memorama */,
				577A57DD1FA00D4200BBC1B9 /* Products */,
				19BF286BFA4757FBFC576832 /* Pods */,
				7F896AD06A3C2E352EB5839E /* Frameworks */,
			);
			sourceTree = "<group>";
		};
		577A57DD1FA00D4200BBC1B9 /* Products */ = {
			isa = PBXGroup;
			children = (
				577A57DC1FA00D4200BBC1B9 /* Memorama.app */,
			);
			name = Products;
			sourceTree = "<group>";
		};
		577A57DE1FA00D4200BBC1B9 /* Memorama */ = {
			isa = PBXGroup;
			children = (
				5703C49F1FA2276700A486CB /* Vendor */,
				571A6BE81FA0CD5C00AD25F8 /* Resources */,
				577A58001FA04AF600BBC1B9 /* Storyboards */,
				577A57FF1FA04AEB00BBC1B9 /* Views */,
				577A57FE1FA04AD100BBC1B9 /* ViewControllers */,
				577A57FD1FA04ACA00BBC1B9 /* Models */,
				577A57DF1FA00D4200BBC1B9 /* AppDelegate.swift */,
				577A57E61FA00D4200BBC1B9 /* Assets.xcassets */,
				577A57EB1FA00D4200BBC1B9 /* Info.plist */,
			);
			path = Memorama;
			sourceTree = "<group>";
		};
		577A57FD1FA04ACA00BBC1B9 /* Models */ = {
			isa = PBXGroup;
			children = (
				577A57F91FA02E2600BBC1B9 /* Layout.swift */,
				577A57F71FA0220B00BBC1B9 /* Game.swift */,
				577A57F51FA021FA00BBC1B9 /* Card.swift */,
				571B927F1FA18AE700C5A383 /* Database.swift */,
			);
			path = Models;
			sourceTree = "<group>";
		};
		577A57FE1FA04AD100BBC1B9 /* ViewControllers */ = {
			isa = PBXGroup;
			children = (
				577A57E11FA00D4200BBC1B9 /* RegisterViewController.swift */,
				577A57FB1FA04AC300BBC1B9 /* PrizeViewController.swift */,
				577A57F11FA01FE800BBC1B9 /* GameViewController.swift */,
				577A58011FA04C3100BBC1B9 /* InstructionsViewController.swift */,
				576C2D581FA194370015FC32 /* StoresViewController.swift */,
				576C2D5A1FA19BA80015FC32 /* RecordsViewController.swift */,
			);
			path = ViewControllers;
			sourceTree = "<group>";
		};
		577A57FF1FA04AEB00BBC1B9 /* Views */ = {
			isa = PBXGroup;
			children = (
				577A57F31FA0216400BBC1B9 /* CardCollectionViewCell.swift */,
			);
			path = Views;
			sourceTree = "<group>";
		};
		577A58001FA04AF600BBC1B9 /* Storyboards */ = {
			isa = PBXGroup;
			children = (
				577A57E31FA00D4200BBC1B9 /* Main.storyboard */,
				577A57E81FA00D4200BBC1B9 /* LaunchScreen.storyboard */,
			);
			path = Storyboards;
			sourceTree = "<group>";
		};
		7F896AD06A3C2E352EB5839E /* Frameworks */ = {
			isa = PBXGroup;
			children = (
				F72CF18C8CBBA0AE84F193CD /* Pods_Memorama.framework */,
			);
			name = Frameworks;
			sourceTree = "<group>";
		};
/* End PBXGroup section */

/* Begin PBXNativeTarget section */
		577A57DB1FA00D4200BBC1B9 /* Memorama */ = {
			isa = PBXNativeTarget;
			buildConfigurationList = 577A57EE1FA00D4200BBC1B9 /* Build configuration list for PBXNativeTarget "Memorama" */;
			buildPhases = (
				F5BE65024684484F20288202 /* [CP] Check Pods Manifest.lock */,
				577A57D81FA00D4200BBC1B9 /* Sources */,
				577A57D91FA00D4200BBC1B9 /* Frameworks */,
				577A57DA1FA00D4200BBC1B9 /* Resources */,
				D01FA47C4785C24D5F89579F /* [CP] Embed Pods Frameworks */,
				E24E454BEF22120C2AF6C9C4 /* [CP] Copy Pods Resources */,
				5703C49E1FA2191F00A486CB /* Fabric */,
			);
			buildRules = (
			);
			dependencies = (
			);
			name = Memorama;
			productName = Memorama;
			productReference = 577A57DC1FA00D4200BBC1B9 /* Memorama.app */;
			productType = "com.apple.product-type.application";
		};
/* End PBXNativeTarget section */

/* Begin PBXProject section */
		577A57D41FA00D4200BBC1B9 /* Project object */ = {
			isa = PBXProject;
			attributes = {
				LastSwiftUpdateCheck = 0900;
				LastUpgradeCheck = 0900;
				ORGANIZATIONNAME = "Radial Loop Inc.";
				TargetAttributes = {
					577A57DB1FA00D4200BBC1B9 = {
						CreatedOnToolsVersion = 9.0.1;
						ProvisioningStyle = Manual;
					};
				};
			};
			buildConfigurationList = 577A57D71FA00D4200BBC1B9 /* Build configuration list for PBXProject "Memorama" */;
			compatibilityVersion = "Xcode 8.0";
			developmentRegion = en;
			hasScannedForEncodings = 0;
			knownRegions = (
				en,
				Base,
			);
			mainGroup = 577A57D31FA00D4200BBC1B9;
			productRefGroup = 577A57DD1FA00D4200BBC1B9 /* Products */;
			projectDirPath = "";
			projectRoot = "";
			targets = (
				577A57DB1FA00D4200BBC1B9 /* Memorama */,
			);
		};
/* End PBXProject section */

/* Begin PBXResourcesBuildPhase section */
		577A57DA1FA00D4200BBC1B9 /* Resources */ = {
			isa = PBXResourcesBuildPhase;
			buildActionMask = 2147483647;
			files = (
				571A6BEC1FA0CD5D00AD25F8 /* DINOT-CondMedium_0.otf in Resources */,
				577A57EA1FA00D4200BBC1B9 /* LaunchScreen.storyboard in Resources */,
				577A57E71FA00D4200BBC1B9 /* Assets.xcassets in Resources */,
				571A6BED1FA0CD5D00AD25F8 /* DINPro-CondBold_0.otf in Resources */,
				577A57E51FA00D4200BBC1B9 /* Main.storyboard in Resources */,
			);
			runOnlyForDeploymentPostprocessing = 0;
		};
/* End PBXResourcesBuildPhase section */

/* Begin PBXShellScriptBuildPhase section */
		5703C49E1FA2191F00A486CB /* Fabric */ = {
			isa = PBXShellScriptBuildPhase;
			buildActionMask = 2147483647;
			files = (
			);
			inputPaths = (
			);
			name = Fabric;
			outputPaths = (
			);
			runOnlyForDeploymentPostprocessing = 0;
			shellPath = /bin/sh;
			shellScript = "\"${PODS_ROOT}/Fabric/run\" 7d06424ba9055daf4fa070b31fabe9a330000274 008e480cc38df199241e3c66ad1a532ebb4f9574edaa90bda8cd77e514a0ebb4";
		};
		D01FA47C4785C24D5F89579F /* [CP] Embed Pods Frameworks */ = {
			isa = PBXShellScriptBuildPhase;
			buildActionMask = 2147483647;
			files = (
			);
			inputPaths = (
				"${SRCROOT}/Pods/Target Support Files/Pods-Memorama/Pods-Memorama-frameworks.sh",
				"${BUILT_PRODUCTS_DIR}/Realm/Realm.framework",
				"${BUILT_PRODUCTS_DIR}/RealmSwift/RealmSwift.framework",
				"${BUILT_PRODUCTS_DIR}/SVProgressHUD/SVProgressHUD.framework",
				"${BUILT_PRODUCTS_DIR}/TPKeyboardAvoiding/TPKeyboardAvoiding.framework",
			);
			name = "[CP] Embed Pods Frameworks";
			outputPaths = (
				"${TARGET_BUILD_DIR}/${FRAMEWORKS_FOLDER_PATH}/Realm.framework",
				"${TARGET_BUILD_DIR}/${FRAMEWORKS_FOLDER_PATH}/RealmSwift.framework",
				"${TARGET_BUILD_DIR}/${FRAMEWORKS_FOLDER_PATH}/SVProgressHUD.framework",
				"${TARGET_BUILD_DIR}/${FRAMEWORKS_FOLDER_PATH}/TPKeyboardAvoiding.framework",
			);
			runOnlyForDeploymentPostprocessing = 0;
			shellPath = /bin/sh;
			shellScript = "\"${SRCROOT}/Pods/Target Support Files/Pods-Memorama/Pods-Memorama-frameworks.sh\"\n";
			showEnvVarsInLog = 0;
		};
		E24E454BEF22120C2AF6C9C4 /* [CP] Copy Pods Resources */ = {
			isa = PBXShellScriptBuildPhase;
			buildActionMask = 2147483647;
			files = (
			);
			inputPaths = (
			);
			name = "[CP] Copy Pods Resources";
			outputPaths = (
			);
			runOnlyForDeploymentPostprocessing = 0;
			shellPath = /bin/sh;
			shellScript = "\"${SRCROOT}/Pods/Target Support Files/Pods-Memorama/Pods-Memorama-resources.sh\"\n";
			showEnvVarsInLog = 0;
		};
		F5BE65024684484F20288202 /* [CP] Check Pods Manifest.lock */ = {
			isa = PBXShellScriptBuildPhase;
			buildActionMask = 2147483647;
			files = (
			);
			inputPaths = (
				"${PODS_PODFILE_DIR_PATH}/Podfile.lock",
				"${PODS_ROOT}/Manifest.lock",
			);
			name = "[CP] Check Pods Manifest.lock";
			outputPaths = (
				"$(DERIVED_FILE_DIR)/Pods-Memorama-checkManifestLockResult.txt",
			);
			runOnlyForDeploymentPostprocessing = 0;
			shellPath = /bin/sh;
			shellScript = "diff \"${PODS_PODFILE_DIR_PATH}/Podfile.lock\" \"${PODS_ROOT}/Manifest.lock\" > /dev/null\nif [ $? != 0 ] ; then\n    # print error to STDERR\n    echo \"error: The sandbox is not in sync with the Podfile.lock. Run 'pod install' or update your CocoaPods installation.\" >&2\n    exit 1\nfi\n# This output is used by Xcode 'outputs' to avoid re-running this script phase.\necho \"SUCCESS\" > \"${SCRIPT_OUTPUT_FILE_0}\"\n";
			showEnvVarsInLog = 0;
		};
/* End PBXShellScriptBuildPhase section */

/* Begin PBXSourcesBuildPhase section */
		577A57D81FA00D4200BBC1B9 /* Sources */ = {
			isa = PBXSourcesBuildPhase;
			buildActionMask = 2147483647;
			files = (
				577A57F41FA0216400BBC1B9 /* CardCollectionViewCell.swift in Sources */,
				577A57F81FA0220B00BBC1B9 /* Game.swift in Sources */,
				576C2D591FA194370015FC32 /* StoresViewController.swift in Sources */,
				577A57E21FA00D4200BBC1B9 /* RegisterViewController.swift in Sources */,
				577A58021FA04C3100BBC1B9 /* InstructionsViewController.swift in Sources */,
				577A57F61FA021FA00BBC1B9 /* Card.swift in Sources */,
				5703C4A31FA2276700A486CB /* CSVExportOperation.swift in Sources */,
				577A57FA1FA02E2600BBC1B9 /* Layout.swift in Sources */,
				577A57F21FA01FE800BBC1B9 /* GameViewController.swift in Sources */,
				577A57FC1FA04AC300BBC1B9 /* PrizeViewController.swift in Sources */,
				5703C4A41FA2276700A486CB /* CSVExport.swift in Sources */,
				571B92801FA18AE700C5A383 /* Database.swift in Sources */,
				577A57E01FA00D4200BBC1B9 /* AppDelegate.swift in Sources */,
				576C2D5B1FA19BA80015FC32 /* RecordsViewController.swift in Sources */,
			);
			runOnlyForDeploymentPostprocessing = 0;
		};
/* End PBXSourcesBuildPhase section */

/* Begin PBXVariantGroup section */
		577A57E31FA00D4200BBC1B9 /* Main.storyboard */ = {
			isa = PBXVariantGroup;
			children = (
				577A57E41FA00D4200BBC1B9 /* Base */,
			);
			name = Main.storyboard;
			sourceTree = "<group>";
		};
		577A57E81FA00D4200BBC1B9 /* LaunchScreen.storyboard */ = {
			isa = PBXVariantGroup;
			children = (
				577A57E91FA00D4200BBC1B9 /* Base */,
			);
			name = LaunchScreen.storyboard;
			sourceTree = "<group>";
		};
/* End PBXVariantGroup section */

/* Begin XCBuildConfiguration section */
		577A57EC1FA00D4200BBC1B9 /* Debug */ = {
			isa = XCBuildConfiguration;
			buildSettings = {
				ALWAYS_SEARCH_USER_PATHS = NO;
				CLANG_ANALYZER_NONNULL = YES;
				CLANG_ANALYZER_NUMBER_OBJECT_CONVERSION = YES_AGGRESSIVE;
				CLANG_CXX_LANGUAGE_STANDARD = "gnu++14";
				CLANG_CXX_LIBRARY = "libc++";
				CLANG_ENABLE_MODULES = YES;
				CLANG_ENABLE_OBJC_ARC = YES;
				CLANG_WARN_BLOCK_CAPTURE_AUTORELEASING = YES;
				CLANG_WARN_BOOL_CONVERSION = YES;
				CLANG_WARN_COMMA = YES;
				CLANG_WARN_CONSTANT_CONVERSION = YES;
				CLANG_WARN_DIRECT_OBJC_ISA_USAGE = YES_ERROR;
				CLANG_WARN_DOCUMENTATION_COMMENTS = YES;
				CLANG_WARN_EMPTY_BODY = YES;
				CLANG_WARN_ENUM_CONVERSION = YES;
				CLANG_WARN_INFINITE_RECURSION = YES;
				CLANG_WARN_INT_CONVERSION = YES;
				CLANG_WARN_NON_LITERAL_NULL_CONVERSION = YES;
				CLANG_WARN_OBJC_LITERAL_CONVERSION = YES;
				CLANG_WARN_OBJC_ROOT_CLASS = YES_ERROR;
				CLANG_WARN_RANGE_LOOP_ANALYSIS = YES;
				CLANG_WARN_STRICT_PROTOTYPES = YES;
				CLANG_WARN_SUSPICIOUS_MOVE = YES;
				CLANG_WARN_UNGUARDED_AVAILABILITY = YES_AGGRESSIVE;
				CLANG_WARN_UNREACHABLE_CODE = YES;
				CLANG_WARN__DUPLICATE_METHOD_MATCH = YES;
				CODE_SIGN_IDENTITY = "iPhone Developer";
				COPY_PHASE_STRIP = NO;
				DEBUG_INFORMATION_FORMAT = dwarf;
				ENABLE_STRICT_OBJC_MSGSEND = YES;
				ENABLE_TESTABILITY = YES;
				GCC_C_LANGUAGE_STANDARD = gnu11;
				GCC_DYNAMIC_NO_PIC = NO;
				GCC_NO_COMMON_BLOCKS = YES;
				GCC_OPTIMIZATION_LEVEL = 0;
				GCC_PREPROCESSOR_DEFINITIONS = (
					"DEBUG=1",
					"$(inherited)",
				);
				GCC_WARN_64_TO_32_BIT_CONVERSION = YES;
				GCC_WARN_ABOUT_RETURN_TYPE = YES_ERROR;
				GCC_WARN_UNDECLARED_SELECTOR = YES;
				GCC_WARN_UNINITIALIZED_AUTOS = YES_AGGRESSIVE;
				GCC_WARN_UNUSED_FUNCTION = YES;
				GCC_WARN_UNUSED_VARIABLE = YES;
				IPHONEOS_DEPLOYMENT_TARGET = 11.0;
				MTL_ENABLE_DEBUG_INFO = YES;
				ONLY_ACTIVE_ARCH = YES;
				SDKROOT = iphoneos;
				SWIFT_ACTIVE_COMPILATION_CONDITIONS = DEBUG;
				SWIFT_OPTIMIZATION_LEVEL = "-Onone";
			};
			name = Debug;
		};
		577A57ED1FA00D4200BBC1B9 /* Release */ = {
			isa = XCBuildConfiguration;
			buildSettings = {
				ALWAYS_SEARCH_USER_PATHS = NO;
				CLANG_ANALYZER_NONNULL = YES;
				CLANG_ANALYZER_NUMBER_OBJECT_CONVERSION = YES_AGGRESSIVE;
				CLANG_CXX_LANGUAGE_STANDARD = "gnu++14";
				CLANG_CXX_LIBRARY = "libc++";
				CLANG_ENABLE_MODULES = YES;
				CLANG_ENABLE_OBJC_ARC = YES;
				CLANG_WARN_BLOCK_CAPTURE_AUTORELEASING = YES;
				CLANG_WARN_BOOL_CONVERSION = YES;
				CLANG_WARN_COMMA = YES;
				CLANG_WARN_CONSTANT_CONVERSION = YES;
				CLANG_WARN_DIRECT_OBJC_ISA_USAGE = YES_ERROR;
				CLANG_WARN_DOCUMENTATION_COMMENTS = YES;
				CLANG_WARN_EMPTY_BODY = YES;
				CLANG_WARN_ENUM_CONVERSION = YES;
				CLANG_WARN_INFINITE_RECURSION = YES;
				CLANG_WARN_INT_CONVERSION = YES;
				CLANG_WARN_NON_LITERAL_NULL_CONVERSION = YES;
				CLANG_WARN_OBJC_LITERAL_CONVERSION = YES;
				CLANG_WARN_OBJC_ROOT_CLASS = YES_ERROR;
				CLANG_WARN_RANGE_LOOP_ANALYSIS = YES;
				CLANG_WARN_STRICT_PROTOTYPES = YES;
				CLANG_WARN_SUSPICIOUS_MOVE = YES;
				CLANG_WARN_UNGUARDED_AVAILABILITY = YES_AGGRESSIVE;
				CLANG_WARN_UNREACHABLE_CODE = YES;
				CLANG_WARN__DUPLICATE_METHOD_MATCH = YES;
				CODE_SIGN_IDENTITY = "iPhone Developer";
				COPY_PHASE_STRIP = NO;
				DEBUG_INFORMATION_FORMAT = "dwarf-with-dsym";
				ENABLE_NS_ASSERTIONS = NO;
				ENABLE_STRICT_OBJC_MSGSEND = YES;
				GCC_C_LANGUAGE_STANDARD = gnu11;
				GCC_NO_COMMON_BLOCKS = YES;
				GCC_WARN_64_TO_32_BIT_CONVERSION = YES;
				GCC_WARN_ABOUT_RETURN_TYPE = YES_ERROR;
				GCC_WARN_UNDECLARED_SELECTOR = YES;
				GCC_WARN_UNINITIALIZED_AUTOS = YES_AGGRESSIVE;
				GCC_WARN_UNUSED_FUNCTION = YES;
				GCC_WARN_UNUSED_VARIABLE = YES;
				IPHONEOS_DEPLOYMENT_TARGET = 11.0;
				MTL_ENABLE_DEBUG_INFO = NO;
				SDKROOT = iphoneos;
				SWIFT_OPTIMIZATION_LEVEL = "-Owholemodule";
				VALIDATE_PRODUCT = YES;
			};
			name = Release;
		};
		577A57EF1FA00D4200BBC1B9 /* Debug */ = {
			isa = XCBuildConfiguration;
			baseConfigurationReference = 755472B1D29675F90559FA79 /* Pods-Memorama.debug.xcconfig */;
			buildSettings = {
				ASSETCATALOG_COMPILER_APPICON_NAME = AppIcon;
				CODE_SIGN_STYLE = Manual;
				DEVELOPMENT_TEAM = 37RT5AB87J;
				INFOPLIST_FILE = Memorama/Info.plist;
				IPHONEOS_DEPLOYMENT_TARGET = 10.0;
				LD_RUNPATH_SEARCH_PATHS = "$(inherited) @executable_path/Frameworks";
				PRODUCT_BUNDLE_IDENTIFIER = com.radialloop.Memorama;
				PRODUCT_NAME = "$(TARGET_NAME)";
				PROVISIONING_PROFILE = "805ead64-daf9-4d71-affe-082c7e3aa4fc";
				PROVISIONING_PROFILE_SPECIFIER = "Reebok Dev";
				SWIFT_VERSION = 4.0;
				TARGETED_DEVICE_FAMILY = 2;
			};
			name = Debug;
		};
		577A57F01FA00D4200BBC1B9 /* Release */ = {
			isa = XCBuildConfiguration;
			baseConfigurationReference = 547BF275C08700E3E4484E60 /* Pods-Memorama.release.xcconfig */;
			buildSettings = {
				ASSETCATALOG_COMPILER_APPICON_NAME = AppIcon;
				"CODE_SIGN_IDENTITY[sdk=iphoneos*]" = "iPhone Distribution";
				CODE_SIGN_STYLE = Manual;
				DEVELOPMENT_TEAM = 37RT5AB87J;
				INFOPLIST_FILE = Memorama/Info.plist;
				IPHONEOS_DEPLOYMENT_TARGET = 10.0;
				LD_RUNPATH_SEARCH_PATHS = "$(inherited) @executable_path/Frameworks";
				PRODUCT_BUNDLE_IDENTIFIER = com.radialloop.Memorama;
				PRODUCT_NAME = "$(TARGET_NAME)";
				PROVISIONING_PROFILE = "68b10ed0-e899-4e75-a7d9-0ca950442b34";
				PROVISIONING_PROFILE_SPECIFIER = "Reebok AdHoc";
				SWIFT_VERSION = 4.0;
				TARGETED_DEVICE_FAMILY = 2;
			};
			name = Release;
		};
/* End XCBuildConfiguration section */

/* Begin XCConfigurationList section */
		577A57D71FA00D4200BBC1B9 /* Build configuration list for PBXProject "Memorama" */ = {
			isa = XCConfigurationList;
			buildConfigurations = (
				577A57EC1FA00D4200BBC1B9 /* Debug */,
				577A57ED1FA00D4200BBC1B9 /* Release */,
			);
			defaultConfigurationIsVisible = 0;
			defaultConfigurationName = Release;
		};
		577A57EE1FA00D4200BBC1B9 /* Build configuration list for PBXNativeTarget "Memorama" */ = {
			isa = XCConfigurationList;
			buildConfigurations = (
				577A57EF1FA00D4200BBC1B9 /* Debug */,
				577A57F01FA00D4200BBC1B9 /* Release */,
			);
			defaultConfigurationIsVisible = 0;
			defaultConfigurationName = Release;
		};
/* End XCConfigurationList section */
	};
	rootObject = 577A57D41FA00D4200BBC1B9 /* Project object */;
}
